{
  "version": 4,
  "terraform_version": "1.10.5",
  "serial": 52,
  "lineage": "75ce7764-4cfd-76a0-828f-1c0dfd951730",
  "outputs": {
    "cluster_ca_certificate": {
      "value": "LS0tLS1CRUdJTiBDRVJUSUZJQ0FURS0tLS0tCk1JSUVMVENDQXBXZ0F3SUJBZ0lSQU9PY1lhcUd2Mnl3QmhRWDlMVWlSUDB3RFFZSktvWklodmNOQVFFTEJRQXcKTHpFdE1Dc0dBMVVFQXhNa1pXRTBNbVV4T0RBdE16Vm1ZaTAwWlRGaExUazFZV0V0TWpRellUbGlNRE15WVdRNApNQ0FYRFRJMU1ESXlNakE1TXpjd01Wb1lEekl3TlRVd01qRTFNVEF6TnpBeFdqQXZNUzB3S3dZRFZRUURFeVJsCllUUXlaVEU0TUMwek5XWmlMVFJsTVdFdE9UVmhZUzB5TkROaE9XSXdNekpoWkRnd2dnR2lNQTBHQ1NxR1NJYjMKRFFFQkFRVUFBNElCandBd2dnR0tBb0lCZ1FEVDkyNHJtMEJFU214dFRFRzFzbDZrZ3F1OUl3alpPSE9PYW5oTwpIV1Vlb1F6ZTlrRW5CUWhQd1dsVEFiWDZBMStmb09lZkhXdytZSHpkRE9DbjU3b2czSGpKTExzcUU3ZklkWVl4CmZ0ZlZkTUNyb0YzNTk2cmZCcUU0SXdja3MwWUh5dmJGSmZwTVJMTVhnTzBkc1E3SHZUWnp1Y2U4WUdXaVZyRXgKc0oyV1NjeGRwb01zazhKK1pFR0twSnNrZEMwaktWWnFYOE9xL2Q5aDZBenBKbjFiZTl4dkZPNEdsVWJ2RUUzYgpRb1RWRW5UMU04Y1VkOW8yR3VpMy9WelgzQURZMUVLQzdlQ1dIeHdCTm9lMmh0L1hxZFIvdjZXMnJqNWozeVMvCnQwUWk1Y1IxQ215eHB2WWFmQ3JIczRkQm5HdVkwUDduOVA1NnZhNHR6bFdjeURZWUtFUFBCMHF2VXNBWExvcFgKSC80RUVnYncwODlQWnZkbnFPazZJTENRbUFRRzZjQlRYblJjcWRWK0VLeWoxQUl5V1Y4VTJKQml5dkZ2blR4TQpLWGR2cTFabHljTTRDNU5jNEtZRHNlL2FzcFFVVGxYaEhDOWZWTlFxRWJqVkpxOG1CZlVEQlZ4ZG4xTkdoNlRpCnk4aVRxN3p1aFFxSHFrZDk5cG5PNFVHLzZoOENBd0VBQWFOQ01FQXdEZ1lEVlIwUEFRSC9CQVFEQWdJRU1BOEcKQTFVZEV3RUIvd1FGTUFNQkFmOHdIUVlEVlIwT0JCWUVGT1lkZlJLQnVHVUFGOWZJbndrL0hxSjdDOWJrTUEwRwpDU3FHU0liM0RRRUJDd1VBQTRJQmdRQjE3VDVxS21mZVFENnVvc2Q4WnpDc1k5NWEwVWZldEVLL09IM1ZiUlFVCi9VRXcwUVB1YnlrRGZiNnVnTnR4L3lWYzcrVmllcXI5R2xLKzA1YlplRDBwNkJOYTM3Vnk5VktCWmlDNDNXWXUKQTRyYXBCbk85Z3JmcEczOHdkdC9tb0k3TTZLTStnVDNEOS9zZUZ6SVRGZXlIckhOUjVTOWJhZE5wWTdHOHp1ZgoyVTFrWTdFNVVQUDZzdkphUG1kd3U3bW5LdkE3T1d1enhTY0NGUTczcU5WUW9qdExrT0loRDJRREYza0Y1NzNZCmFoRVRYeUF0WjlkZDBaZ3p2VTQ5S3RDRTV1V1VxNTZuMWh6QWYzT200S2R4M0IxYStHRHVWNS8wVnN6eW5hVmwKVGUydVlwbVRYZVdYL3pQZDNZTTRiaWt0dysxNGVjcVd6SE00R3BXc2t0Z1g2RVl2UUtKWld4VGhYdmIyTzQ3WAp0dXNOZzNIVnA2QXBFVG9XWVVyODFYMGRRckR1NGcydW1XTm1tQlNmVDVCZDRGSWtPL1NxUFpHdXdLQUZhQ2tuCnAzZ3c2QVBJZTYzbDJ0Q2ttM3NWUWtSWlFvWE5IRDVzTG9vdVROT29iRWM3ZFRMcDRnTDk5V295dUJFOCt1Q0gKeHJydVAxNGFyOTdualE2ZlloRjlFdWc9Ci0tLS0tRU5EIENFUlRJRklDQVRFLS0tLS0K",
      "type": "string",
      "sensitive": true
    },
    "cluster_endpoint": {
      "value": "34.55.90.111",
      "type": "string"
    },
    "cluster_name": {
      "value": "my-gke-cluster",
      "type": "string"
    },
    "gcloud_connect_command": {
      "value": "  gcloud container clusters get-credentials my-gke-cluster \\\n    --zone us-central1-a \\\n    --project plucky-furnace-450709-a6\n",
      "type": "string"
    },
    "instance_ip_for_main": {
      "value": "34.173.232.209",
      "type": "string"
    },
    "instance_ip_for_sonar": {
      "value": "35.184.134.98",
      "type": "string"
    },
    "ssh_command_for_main": {
      "value": "ssh -i ~/.ssh/gcp_key gerrome@34.173.232.209",
      "type": "string"
    },
    "ssh_command_for_sonar": {
      "value": "ssh -i ~/.ssh/gcp_key gerrome@35.184.134.98",
      "type": "string"
    }
  },
  "resources": [
    {
      "module": "module.compute",
      "mode": "managed",
      "type": "google_compute_instance",
      "name": "main_vm",
      "provider": "provider[\"registry.terraform.io/hashicorp/google\"]",
      "instances": [
        {
          "schema_version": 6,
          "attributes": {
            "advanced_machine_features": [],
            "allow_stopping_for_update": null,
            "attached_disk": [],
            "boot_disk": [
              {
                "auto_delete": true,
                "device_name": "persistent-disk-0",
                "disk_encryption_key_raw": "",
                "disk_encryption_key_sha256": "",
                "initialize_params": [
                  {
                    "enable_confidential_compute": false,
                    "image": "https://www.googleapis.com/compute/v1/projects/ubuntu-os-cloud/global/images/ubuntu-2204-jammy-v20250219",
                    "labels": {},
                    "provisioned_iops": 0,
                    "provisioned_throughput": 0,
                    "resource_manager_tags": null,
                    "resource_policies": [],
                    "size": 20,
                    "storage_pool": "",
                    "type": "pd-standard"
                  }
                ],
                "interface": "",
                "kms_key_self_link": "",
                "mode": "READ_WRITE",
                "source": "https://www.googleapis.com/compute/v1/projects/plucky-furnace-450709-a6/zones/us-central1-a/disks/main-vm"
              }
            ],
            "can_ip_forward": false,
            "confidential_instance_config": [],
            "cpu_platform": "AMD Rome",
            "creation_timestamp": "2025-02-22T02:37:00.688-08:00",
            "current_status": "RUNNING",
            "deletion_protection": false,
            "description": "",
            "desired_status": null,
            "effective_labels": {
              "goog-terraform-provisioned": "true"
            },
            "enable_display": false,
            "guest_accelerator": [],
            "hostname": "",
            "id": "projects/plucky-furnace-450709-a6/zones/us-central1-a/instances/main-vm",
            "instance_id": "7437611985032975907",
            "key_revocation_action_type": "",
            "label_fingerprint": "vezUS-42LLM=",
            "labels": null,
            "machine_type": "e2-medium",
            "metadata": {
              "ssh-keys": "gerrome:ssh-rsa AAAAB3NzaC1yc2EAAAADAQABAAACAQDFGq7JOV+kVSms9rdtgjYtbXiiQIgYhW/SpNqbC/5w+bFEQW03uGlK+kp3Hn+FKcXOHBZGsuD0+5c2LrGmPEOrFjTUWjoT26rlOWf+7qmrutIrIplpkHK2V8Rxjc2TQgtO3UarePlTFqI5bxfTIte33eXKsBIb2cH4sPmvUAmVk/ANPbhDKIM7CA/ii2oo+7bUQ5a+KuF4CoctTg7HTr6Z1uOMOQAsPzvNbHvAheNeLsCuu00BRD60Xv01tJ0VSMvPDmERIfW+k13T4py4TpR3ytjQbtU7Kz9VpTrGtwf95Cd2cnNnRkXESzGjbA/NBw+li6dOcRHECw/xqPK3dR1G5SlNhIedNeVHUkhqmd6+F2W4sVP5qjWKiztidCIKdwN8BPCDvm67eF6ctPM1KFO0xJ1K3a778Bsg5mywOZTCohUjFF/uEAQrn3RCcpp/ggg2rh1vd9/c8shBTqy0kXpSw28b4rGZdjFFdH8ijCWd8uZa/9d3/1iucoXpGhDWuS4VLMjOy1+qjt3NshSaDq3PbR/+Ods17v2ZaVbHxqtQLE3fp0YSp8S0NC2+7AU0Zx+2K9FYJdl5xR9qtUUiSnlXunX8IVkH6DJ6r8gDLDbD6lkVsujlffr6FXwIg0TqWdFSRBoLKLKjK1U445871hE2XJLAqeGa/gyFqzQf586PcQ== victor@victor-IdeaPad-3-15ITL05\n"
            },
            "metadata_fingerprint": "DfTlKErimso=",
            "metadata_startup_script": null,
            "min_cpu_platform": "",
            "name": "main-vm",
            "network_interface": [
              {
                "access_config": [
                  {
                    "nat_ip": "34.173.232.209",
                    "network_tier": "PREMIUM",
                    "public_ptr_domain_name": ""
                  }
                ],
                "alias_ip_range": [],
                "internal_ipv6_prefix_length": 0,
                "ipv6_access_config": [],
                "ipv6_access_type": "",
                "ipv6_address": "",
                "name": "nic0",
                "network": "https://www.googleapis.com/compute/v1/projects/plucky-furnace-450709-a6/global/networks/my-custom-vpc",
                "network_ip": "10.0.1.2",
                "nic_type": "",
                "queue_count": 0,
                "stack_type": "IPV4_ONLY",
                "subnetwork": "https://www.googleapis.com/compute/v1/projects/plucky-furnace-450709-a6/regions/us-central1/subnetworks/my-custom-subnet",
                "subnetwork_project": "plucky-furnace-450709-a6"
              }
            ],
            "network_performance_config": [],
            "params": [],
            "project": "plucky-furnace-450709-a6",
            "reservation_affinity": [],
            "resource_policies": null,
            "scheduling": [
              {
                "automatic_restart": true,
                "availability_domain": 0,
                "instance_termination_action": "",
                "local_ssd_recovery_timeout": [],
                "max_run_duration": [],
                "min_node_cpus": 0,
                "node_affinities": [],
                "on_host_maintenance": "MIGRATE",
                "on_instance_stop_action": [],
                "preemptible": false,
                "provisioning_model": "STANDARD"
              }
            ],
            "scratch_disk": [],
            "self_link": "https://www.googleapis.com/compute/v1/projects/plucky-furnace-450709-a6/zones/us-central1-a/instances/main-vm",
            "service_account": [],
            "shielded_instance_config": [
              {
                "enable_integrity_monitoring": true,
                "enable_secure_boot": false,
                "enable_vtpm": true
              }
            ],
            "tags": [
              "main-vm"
            ],
            "tags_fingerprint": "SjJtmTy1OWY=",
            "terraform_labels": {
              "goog-terraform-provisioned": "true"
            },
            "timeouts": null,
            "zone": "us-central1-a"
          },
          "sensitive_attributes": [
            [
              {
                "type": "get_attr",
                "value": "boot_disk"
              },
              {
                "type": "index",
                "value": {
                  "value": 0,
                  "type": "number"
                }
              },
              {
                "type": "get_attr",
                "value": "disk_encryption_key_raw"
              }
            ]
          ],
          "private": "eyJlMmJmYjczMC1lY2FhLTExZTYtOGY4OC0zNDM2M2JjN2M0YzAiOnsiY3JlYXRlIjoxMjAwMDAwMDAwMDAwLCJkZWxldGUiOjEyMDAwMDAwMDAwMDAsInVwZGF0ZSI6MTIwMDAwMDAwMDAwMH0sInNjaGVtYV92ZXJzaW9uIjoiNiJ9",
          "dependencies": [
            "module.network.google_compute_network.vpc",
            "module.network.google_compute_subnetwork.subnet"
          ]
        }
      ]
    },
    {
      "module": "module.compute",
      "mode": "managed",
      "type": "google_compute_instance",
      "name": "sonar_vm",
      "provider": "provider[\"registry.terraform.io/hashicorp/google\"]",
      "instances": [
        {
          "schema_version": 6,
          "attributes": {
            "advanced_machine_features": [],
            "allow_stopping_for_update": null,
            "attached_disk": [],
            "boot_disk": [
              {
                "auto_delete": true,
                "device_name": "persistent-disk-0",
                "disk_encryption_key_raw": "",
                "disk_encryption_key_sha256": "",
                "initialize_params": [
                  {
                    "enable_confidential_compute": false,
                    "image": "https://www.googleapis.com/compute/v1/projects/ubuntu-os-cloud/global/images/ubuntu-2204-jammy-v20250219",
                    "labels": {},
                    "provisioned_iops": 0,
                    "provisioned_throughput": 0,
                    "resource_manager_tags": null,
                    "resource_policies": [],
                    "size": 20,
                    "storage_pool": "",
                    "type": "pd-standard"
                  }
                ],
                "interface": "",
                "kms_key_self_link": "",
                "mode": "READ_WRITE",
                "source": "https://www.googleapis.com/compute/v1/projects/plucky-furnace-450709-a6/zones/us-central1-a/disks/sonar-vm"
              }
            ],
            "can_ip_forward": false,
            "confidential_instance_config": [],
            "cpu_platform": "AMD Rome",
            "creation_timestamp": "2025-02-22T02:37:01.481-08:00",
            "current_status": "RUNNING",
            "deletion_protection": false,
            "description": "",
            "desired_status": null,
            "effective_labels": {
              "goog-terraform-provisioned": "true"
            },
            "enable_display": false,
            "guest_accelerator": [],
            "hostname": "",
            "id": "projects/plucky-furnace-450709-a6/zones/us-central1-a/instances/sonar-vm",
            "instance_id": "2591242571230746146",
            "key_revocation_action_type": "",
            "label_fingerprint": "vezUS-42LLM=",
            "labels": null,
            "machine_type": "e2-medium",
            "metadata": {
              "ssh-keys": "gerrome:ssh-rsa AAAAB3NzaC1yc2EAAAADAQABAAACAQDFGq7JOV+kVSms9rdtgjYtbXiiQIgYhW/SpNqbC/5w+bFEQW03uGlK+kp3Hn+FKcXOHBZGsuD0+5c2LrGmPEOrFjTUWjoT26rlOWf+7qmrutIrIplpkHK2V8Rxjc2TQgtO3UarePlTFqI5bxfTIte33eXKsBIb2cH4sPmvUAmVk/ANPbhDKIM7CA/ii2oo+7bUQ5a+KuF4CoctTg7HTr6Z1uOMOQAsPzvNbHvAheNeLsCuu00BRD60Xv01tJ0VSMvPDmERIfW+k13T4py4TpR3ytjQbtU7Kz9VpTrGtwf95Cd2cnNnRkXESzGjbA/NBw+li6dOcRHECw/xqPK3dR1G5SlNhIedNeVHUkhqmd6+F2W4sVP5qjWKiztidCIKdwN8BPCDvm67eF6ctPM1KFO0xJ1K3a778Bsg5mywOZTCohUjFF/uEAQrn3RCcpp/ggg2rh1vd9/c8shBTqy0kXpSw28b4rGZdjFFdH8ijCWd8uZa/9d3/1iucoXpGhDWuS4VLMjOy1+qjt3NshSaDq3PbR/+Ods17v2ZaVbHxqtQLE3fp0YSp8S0NC2+7AU0Zx+2K9FYJdl5xR9qtUUiSnlXunX8IVkH6DJ6r8gDLDbD6lkVsujlffr6FXwIg0TqWdFSRBoLKLKjK1U445871hE2XJLAqeGa/gyFqzQf586PcQ== victor@victor-IdeaPad-3-15ITL05\n"
            },
            "metadata_fingerprint": "DfTlKErimso=",
            "metadata_startup_script": null,
            "min_cpu_platform": "",
            "name": "sonar-vm",
            "network_interface": [
              {
                "access_config": [
                  {
                    "nat_ip": "35.184.134.98",
                    "network_tier": "PREMIUM",
                    "public_ptr_domain_name": ""
                  }
                ],
                "alias_ip_range": [],
                "internal_ipv6_prefix_length": 0,
                "ipv6_access_config": [],
                "ipv6_access_type": "",
                "ipv6_address": "",
                "name": "nic0",
                "network": "https://www.googleapis.com/compute/v1/projects/plucky-furnace-450709-a6/global/networks/my-custom-vpc",
                "network_ip": "10.0.1.3",
                "nic_type": "",
                "queue_count": 0,
                "stack_type": "IPV4_ONLY",
                "subnetwork": "https://www.googleapis.com/compute/v1/projects/plucky-furnace-450709-a6/regions/us-central1/subnetworks/my-custom-subnet",
                "subnetwork_project": "plucky-furnace-450709-a6"
              }
            ],
            "network_performance_config": [],
            "params": [],
            "project": "plucky-furnace-450709-a6",
            "reservation_affinity": [],
            "resource_policies": null,
            "scheduling": [
              {
                "automatic_restart": true,
                "availability_domain": 0,
                "instance_termination_action": "",
                "local_ssd_recovery_timeout": [],
                "max_run_duration": [],
                "min_node_cpus": 0,
                "node_affinities": [],
                "on_host_maintenance": "MIGRATE",
                "on_instance_stop_action": [],
                "preemptible": false,
                "provisioning_model": "STANDARD"
              }
            ],
            "scratch_disk": [],
            "self_link": "https://www.googleapis.com/compute/v1/projects/plucky-furnace-450709-a6/zones/us-central1-a/instances/sonar-vm",
            "service_account": [],
            "shielded_instance_config": [
              {
                "enable_integrity_monitoring": true,
                "enable_secure_boot": false,
                "enable_vtpm": true
              }
            ],
            "tags": [
              "sonar-vm"
            ],
            "tags_fingerprint": "0bpdEo-pcNk=",
            "terraform_labels": {
              "goog-terraform-provisioned": "true"
            },
            "timeouts": null,
            "zone": "us-central1-a"
          },
          "sensitive_attributes": [
            [
              {
                "type": "get_attr",
                "value": "boot_disk"
              },
              {
                "type": "index",
                "value": {
                  "value": 0,
                  "type": "number"
                }
              },
              {
                "type": "get_attr",
                "value": "disk_encryption_key_raw"
              }
            ]
          ],
          "private": "eyJlMmJmYjczMC1lY2FhLTExZTYtOGY4OC0zNDM2M2JjN2M0YzAiOnsiY3JlYXRlIjoxMjAwMDAwMDAwMDAwLCJkZWxldGUiOjEyMDAwMDAwMDAwMDAsInVwZGF0ZSI6MTIwMDAwMDAwMDAwMH0sInNjaGVtYV92ZXJzaW9uIjoiNiJ9",
          "dependencies": [
            "module.network.google_compute_network.vpc",
            "module.network.google_compute_subnetwork.subnet"
          ]
        }
      ]
    },
    {
      "module": "module.gke",
      "mode": "managed",
      "type": "google_container_cluster",
      "name": "primary",
      "provider": "provider[\"registry.terraform.io/hashicorp/google\"]",
      "instances": [
        {
          "schema_version": 2,
          "attributes": {
            "addons_config": [
              {
                "cloudrun_config": [],
                "config_connector_config": [],
                "dns_cache_config": [],
                "gce_persistent_disk_csi_driver_config": [
                  {
                    "enabled": true
                  }
                ],
                "gcp_filestore_csi_driver_config": [],
                "gcs_fuse_csi_driver_config": [],
                "gke_backup_agent_config": [],
                "horizontal_pod_autoscaling": [],
                "http_load_balancing": [],
                "network_policy_config": [
                  {
                    "disabled": true
                  }
                ],
                "parallelstore_csi_driver_config": [],
                "ray_operator_config": [],
                "stateful_ha_config": []
              }
            ],
            "allow_net_admin": null,
            "authenticator_groups_config": [],
            "binary_authorization": [
              {
                "enabled": false,
                "evaluation_mode": ""
              }
            ],
            "cluster_autoscaling": [
              {
                "auto_provisioning_defaults": [],
                "auto_provisioning_locations": [],
                "autoscaling_profile": "BALANCED",
                "enabled": false,
                "resource_limits": []
              }
            ],
            "cluster_ipv4_cidr": "10.100.0.0/16",
            "confidential_nodes": [],
            "control_plane_endpoints_config": [
              {
                "dns_endpoint_config": [
                  {
                    "allow_external_traffic": false,
                    "endpoint": "gke-0b0cebbda56144f4a873d161f5503fd2547a-475219846787.us-central1-a.gke.goog"
                  }
                ]
              }
            ],
            "cost_management_config": [],
            "database_encryption": [
              {
                "key_name": "",
                "state": "DECRYPTED"
              }
            ],
            "datapath_provider": "",
            "default_max_pods_per_node": 110,
            "default_snat_status": [
              {
                "disabled": false
              }
            ],
            "deletion_protection": false,
            "description": "",
            "dns_config": [],
            "effective_labels": {
              "goog-terraform-provisioned": "true"
            },
            "enable_autopilot": false,
            "enable_cilium_clusterwide_network_policy": false,
            "enable_fqdn_network_policy": false,
            "enable_intranode_visibility": false,
            "enable_k8s_beta_apis": [],
            "enable_kubernetes_alpha": false,
            "enable_l4_ilb_subsetting": false,
            "enable_legacy_abac": false,
            "enable_multi_networking": false,
            "enable_shielded_nodes": true,
            "enable_tpu": false,
            "endpoint": "34.55.90.111",
            "enterprise_config": [
              {
                "cluster_tier": "STANDARD",
                "desired_tier": ""
              }
            ],
            "fleet": [],
            "gateway_api_config": [],
            "id": "projects/plucky-furnace-450709-a6/locations/us-central1-a/clusters/my-gke-cluster",
            "identity_service_config": [],
            "initial_node_count": 1,
            "ip_allocation_policy": [
              {
                "additional_pod_ranges_config": [],
                "cluster_ipv4_cidr_block": "10.100.0.0/16",
                "cluster_secondary_range_name": "gke-my-gke-cluster-pods-0b0cebbd",
                "pod_cidr_overprovision_config": [
                  {
                    "disabled": false
                  }
                ],
                "services_ipv4_cidr_block": "10.101.0.0/16",
                "services_secondary_range_name": "gke-my-gke-cluster-services-0b0cebbd",
                "stack_type": "IPV4"
              }
            ],
            "label_fingerprint": "78cdf2f6",
            "location": "us-central1-a",
            "logging_config": [
              {
                "enable_components": [
                  "SYSTEM_COMPONENTS",
                  "WORKLOADS"
                ]
              }
            ],
            "logging_service": "logging.googleapis.com/kubernetes",
            "maintenance_policy": [],
            "master_auth": [
              {
                "client_certificate": "",
                "client_certificate_config": [
                  {
                    "issue_client_certificate": false
                  }
                ],
                "client_key": "",
                "cluster_ca_certificate": "LS0tLS1CRUdJTiBDRVJUSUZJQ0FURS0tLS0tCk1JSUVMVENDQXBXZ0F3SUJBZ0lSQU9PY1lhcUd2Mnl3QmhRWDlMVWlSUDB3RFFZSktvWklodmNOQVFFTEJRQXcKTHpFdE1Dc0dBMVVFQXhNa1pXRTBNbVV4T0RBdE16Vm1ZaTAwWlRGaExUazFZV0V0TWpRellUbGlNRE15WVdRNApNQ0FYRFRJMU1ESXlNakE1TXpjd01Wb1lEekl3TlRVd01qRTFNVEF6TnpBeFdqQXZNUzB3S3dZRFZRUURFeVJsCllUUXlaVEU0TUMwek5XWmlMVFJsTVdFdE9UVmhZUzB5TkROaE9XSXdNekpoWkRnd2dnR2lNQTBHQ1NxR1NJYjMKRFFFQkFRVUFBNElCandBd2dnR0tBb0lCZ1FEVDkyNHJtMEJFU214dFRFRzFzbDZrZ3F1OUl3alpPSE9PYW5oTwpIV1Vlb1F6ZTlrRW5CUWhQd1dsVEFiWDZBMStmb09lZkhXdytZSHpkRE9DbjU3b2czSGpKTExzcUU3ZklkWVl4CmZ0ZlZkTUNyb0YzNTk2cmZCcUU0SXdja3MwWUh5dmJGSmZwTVJMTVhnTzBkc1E3SHZUWnp1Y2U4WUdXaVZyRXgKc0oyV1NjeGRwb01zazhKK1pFR0twSnNrZEMwaktWWnFYOE9xL2Q5aDZBenBKbjFiZTl4dkZPNEdsVWJ2RUUzYgpRb1RWRW5UMU04Y1VkOW8yR3VpMy9WelgzQURZMUVLQzdlQ1dIeHdCTm9lMmh0L1hxZFIvdjZXMnJqNWozeVMvCnQwUWk1Y1IxQ215eHB2WWFmQ3JIczRkQm5HdVkwUDduOVA1NnZhNHR6bFdjeURZWUtFUFBCMHF2VXNBWExvcFgKSC80RUVnYncwODlQWnZkbnFPazZJTENRbUFRRzZjQlRYblJjcWRWK0VLeWoxQUl5V1Y4VTJKQml5dkZ2blR4TQpLWGR2cTFabHljTTRDNU5jNEtZRHNlL2FzcFFVVGxYaEhDOWZWTlFxRWJqVkpxOG1CZlVEQlZ4ZG4xTkdoNlRpCnk4aVRxN3p1aFFxSHFrZDk5cG5PNFVHLzZoOENBd0VBQWFOQ01FQXdEZ1lEVlIwUEFRSC9CQVFEQWdJRU1BOEcKQTFVZEV3RUIvd1FGTUFNQkFmOHdIUVlEVlIwT0JCWUVGT1lkZlJLQnVHVUFGOWZJbndrL0hxSjdDOWJrTUEwRwpDU3FHU0liM0RRRUJDd1VBQTRJQmdRQjE3VDVxS21mZVFENnVvc2Q4WnpDc1k5NWEwVWZldEVLL09IM1ZiUlFVCi9VRXcwUVB1YnlrRGZiNnVnTnR4L3lWYzcrVmllcXI5R2xLKzA1YlplRDBwNkJOYTM3Vnk5VktCWmlDNDNXWXUKQTRyYXBCbk85Z3JmcEczOHdkdC9tb0k3TTZLTStnVDNEOS9zZUZ6SVRGZXlIckhOUjVTOWJhZE5wWTdHOHp1ZgoyVTFrWTdFNVVQUDZzdkphUG1kd3U3bW5LdkE3T1d1enhTY0NGUTczcU5WUW9qdExrT0loRDJRREYza0Y1NzNZCmFoRVRYeUF0WjlkZDBaZ3p2VTQ5S3RDRTV1V1VxNTZuMWh6QWYzT200S2R4M0IxYStHRHVWNS8wVnN6eW5hVmwKVGUydVlwbVRYZVdYL3pQZDNZTTRiaWt0dysxNGVjcVd6SE00R3BXc2t0Z1g2RVl2UUtKWld4VGhYdmIyTzQ3WAp0dXNOZzNIVnA2QXBFVG9XWVVyODFYMGRRckR1NGcydW1XTm1tQlNmVDVCZDRGSWtPL1NxUFpHdXdLQUZhQ2tuCnAzZ3c2QVBJZTYzbDJ0Q2ttM3NWUWtSWlFvWE5IRDVzTG9vdVROT29iRWM3ZFRMcDRnTDk5V295dUJFOCt1Q0gKeHJydVAxNGFyOTdualE2ZlloRjlFdWc9Ci0tLS0tRU5EIENFUlRJRklDQVRFLS0tLS0K"
              }
            ],
            "master_authorized_networks_config": [],
            "master_version": "1.31.5-gke.1023000",
            "mesh_certificates": [],
            "min_master_version": null,
            "monitoring_config": [
              {
                "advanced_datapath_observability_config": [
                  {
                    "enable_metrics": false,
                    "enable_relay": false
                  }
                ],
                "enable_components": [
                  "SYSTEM_COMPONENTS",
                  "POD",
                  "DAEMONSET",
                  "DEPLOYMENT",
                  "STATEFULSET",
                  "STORAGE",
                  "HPA",
                  "CADVISOR",
                  "KUBELET"
                ],
                "managed_prometheus": [
                  {
                    "enabled": true
                  }
                ]
              }
            ],
            "monitoring_service": "monitoring.googleapis.com/kubernetes",
            "name": "my-gke-cluster",
            "network": "projects/plucky-furnace-450709-a6/global/networks/my-custom-vpc",
            "network_policy": [
              {
                "enabled": false,
                "provider": "PROVIDER_UNSPECIFIED"
              }
            ],
            "networking_mode": "VPC_NATIVE",
            "node_config": [],
            "node_locations": [],
            "node_pool": [],
            "node_pool_auto_config": [],
            "node_pool_defaults": [
              {
                "node_config_defaults": [
                  {
                    "containerd_config": [],
                    "gcfs_config": [],
                    "insecure_kubelet_readonly_port_enabled": "FALSE",
                    "logging_variant": "DEFAULT"
                  }
                ]
              }
            ],
            "node_version": "1.31.5-gke.1023000",
            "notification_config": [
              {
                "pubsub": [
                  {
                    "enabled": false,
                    "filter": [],
                    "topic": ""
                  }
                ]
              }
            ],
            "operation": null,
            "private_cluster_config": [
              {
                "enable_private_endpoint": false,
                "enable_private_nodes": false,
                "master_global_access_config": [
                  {
                    "enabled": false
                  }
                ],
                "master_ipv4_cidr_block": "",
                "peering_name": "",
                "private_endpoint": "10.0.1.4",
                "private_endpoint_subnetwork": "",
                "public_endpoint": "34.55.90.111"
              }
            ],
            "private_ipv6_google_access": "",
            "project": "plucky-furnace-450709-a6",
            "release_channel": [
              {
                "channel": "REGULAR"
              }
            ],
            "remove_default_node_pool": true,
            "resource_labels": null,
            "resource_usage_export_config": [],
            "secret_manager_config": [
              {
                "enabled": false
              }
            ],
            "security_posture_config": [
              {
                "mode": "BASIC",
                "vulnerability_mode": "VULNERABILITY_MODE_UNSPECIFIED"
              }
            ],
            "self_link": "https://container.googleapis.com/v1/projects/plucky-furnace-450709-a6/zones/us-central1-a/clusters/my-gke-cluster",
            "service_external_ips_config": [
              {
                "enabled": false
              }
            ],
            "services_ipv4_cidr": "10.101.0.0/16",
            "subnetwork": "projects/plucky-furnace-450709-a6/regions/us-central1/subnetworks/my-custom-subnet",
            "terraform_labels": {
              "goog-terraform-provisioned": "true"
            },
            "timeouts": null,
            "tpu_ipv4_cidr_block": "",
            "user_managed_keys_config": [],
            "vertical_pod_autoscaling": [],
            "workload_identity_config": []
          },
          "sensitive_attributes": [
            [
              {
                "type": "get_attr",
                "value": "master_auth"
              },
              {
                "type": "index",
                "value": {
                  "value": 0,
                  "type": "number"
                }
              },
              {
                "type": "get_attr",
                "value": "client_key"
              }
            ]
          ],
          "private": "eyJlMmJmYjczMC1lY2FhLTExZTYtOGY4OC0zNDM2M2JjN2M0YzAiOnsiY3JlYXRlIjoyNDAwMDAwMDAwMDAwLCJkZWxldGUiOjI0MDAwMDAwMDAwMDAsInJlYWQiOjI0MDAwMDAwMDAwMDAsInVwZGF0ZSI6MzYwMDAwMDAwMDAwMH0sInNjaGVtYV92ZXJzaW9uIjoiMiJ9",
          "dependencies": [
            "module.network.google_compute_network.vpc",
            "module.network.google_compute_subnetwork.subnet"
          ]
        }
      ]
    },
    {
      "module": "module.gke",
      "mode": "managed",
      "type": "google_container_node_pool",
      "name": "primary_nodes",
      "provider": "provider[\"registry.terraform.io/hashicorp/google\"]",
      "instances": [
        {
          "schema_version": 1,
          "attributes": {
            "autoscaling": [],
            "cluster": "my-gke-cluster",
            "id": "projects/plucky-furnace-450709-a6/locations/us-central1-a/clusters/my-gke-cluster/nodePools/my-node-pool",
            "initial_node_count": 2,
            "instance_group_urls": [
              "https://www.googleapis.com/compute/v1/projects/plucky-furnace-450709-a6/zones/us-central1-a/instanceGroupManagers/gke-my-gke-cluster-my-node-pool-d07d06eb-grp"
            ],
            "location": "us-central1-a",
            "managed_instance_group_urls": [
              "https://www.googleapis.com/compute/v1/projects/plucky-furnace-450709-a6/zones/us-central1-a/instanceGroups/gke-my-gke-cluster-my-node-pool-d07d06eb-grp"
            ],
            "management": [
              {
                "auto_repair": true,
                "auto_upgrade": true
              }
            ],
            "max_pods_per_node": 110,
            "name": "my-node-pool",
            "name_prefix": "",
            "network_config": [
              {
                "additional_node_network_configs": [],
                "additional_pod_network_configs": [],
                "create_pod_range": false,
                "enable_private_nodes": false,
                "network_performance_config": [],
                "pod_cidr_overprovision_config": [],
                "pod_ipv4_cidr_block": "10.100.0.0/16",
                "pod_range": "gke-my-gke-cluster-pods-0b0cebbd"
              }
            ],
            "node_config": [
              {
                "advanced_machine_features": [],
                "boot_disk_kms_key": "",
                "confidential_nodes": [],
                "containerd_config": [],
                "disk_size_gb": 100,
                "disk_type": "pd-balanced",
                "effective_taints": [],
                "enable_confidential_storage": false,
                "ephemeral_storage_local_ssd_config": [],
                "fast_socket": [],
                "gcfs_config": [],
                "guest_accelerator": [],
                "gvnic": [],
                "host_maintenance_policy": [],
                "image_type": "COS_CONTAINERD",
                "kubelet_config": [
                  {
                    "allowed_unsafe_sysctls": [],
                    "container_log_max_files": 0,
                    "container_log_max_size": "",
                    "cpu_cfs_quota": false,
                    "cpu_cfs_quota_period": "",
                    "cpu_manager_policy": "",
                    "image_gc_high_threshold_percent": 0,
                    "image_gc_low_threshold_percent": 0,
                    "image_maximum_gc_age": "",
                    "image_minimum_gc_age": "",
                    "insecure_kubelet_readonly_port_enabled": "TRUE",
                    "pod_pids_limit": 0
                  }
                ],
                "labels": {
                  "env": "production"
                },
                "linux_node_config": [],
                "local_nvme_ssd_block_config": [],
                "local_ssd_count": 0,
                "local_ssd_encryption_mode": "",
                "logging_variant": "DEFAULT",
                "machine_type": "e2-medium",
                "max_run_duration": "",
                "metadata": {
                  "disable-legacy-endpoints": "true"
                },
                "min_cpu_platform": "",
                "node_group": "",
                "oauth_scopes": [
                  "https://www.googleapis.com/auth/cloud-platform"
                ],
                "preemptible": false,
                "reservation_affinity": [],
                "resource_labels": {
                  "goog-gke-node-pool-provisioning-model": "on-demand"
                },
                "resource_manager_tags": null,
                "secondary_boot_disks": [],
                "service_account": "default",
                "shielded_instance_config": [
                  {
                    "enable_integrity_monitoring": true,
                    "enable_secure_boot": false
                  }
                ],
                "sole_tenant_config": [],
                "spot": false,
                "storage_pools": null,
                "tags": [
                  "gke-node"
                ],
                "taint": [],
                "workload_metadata_config": []
              }
            ],
            "node_count": 2,
            "node_locations": [
              "us-central1-a"
            ],
            "operation": null,
            "placement_policy": [],
            "project": "plucky-furnace-450709-a6",
            "queued_provisioning": [],
            "timeouts": null,
            "upgrade_settings": [
              {
                "blue_green_settings": [],
                "max_surge": 1,
                "max_unavailable": 0,
                "strategy": "SURGE"
              }
            ],
            "version": "1.31.5-gke.1023000"
          },
          "sensitive_attributes": [],
          "private": "eyJlMmJmYjczMC1lY2FhLTExZTYtOGY4OC0zNDM2M2JjN2M0YzAiOnsiY3JlYXRlIjoxODAwMDAwMDAwMDAwLCJkZWxldGUiOjE4MDAwMDAwMDAwMDAsInVwZGF0ZSI6MTgwMDAwMDAwMDAwMH0sInNjaGVtYV92ZXJzaW9uIjoiMSJ9",
          "dependencies": [
            "module.gke.google_container_cluster.primary",
            "module.network.google_compute_network.vpc",
            "module.network.google_compute_subnetwork.subnet"
          ]
        }
      ]
    },
    {
      "module": "module.network",
      "mode": "managed",
      "type": "google_compute_firewall",
      "name": "allow_ssh_http",
      "provider": "provider[\"registry.terraform.io/hashicorp/google\"]",
      "instances": [
        {
          "schema_version": 1,
          "attributes": {
            "allow": [
              {
                "ports": [
                  "22",
                  "9000",
                  "3000",
                  "8080",
                  "80",
                  "8111",
                  "8000"
                ],
                "protocol": "tcp"
              }
            ],
            "creation_timestamp": "2025-02-22T02:36:43.772-08:00",
            "deny": [],
            "description": "",
            "destination_ranges": [],
            "direction": "INGRESS",
            "disabled": false,
            "enable_logging": null,
            "id": "projects/plucky-furnace-450709-a6/global/firewalls/allow-ssh-http",
            "log_config": [],
            "name": "allow-ssh-http",
            "network": "https://www.googleapis.com/compute/v1/projects/plucky-furnace-450709-a6/global/networks/my-custom-vpc",
            "priority": 1000,
            "project": "plucky-furnace-450709-a6",
            "self_link": "https://www.googleapis.com/compute/v1/projects/plucky-furnace-450709-a6/global/firewalls/allow-ssh-http",
            "source_ranges": [
              "0.0.0.0/0"
            ],
            "source_service_accounts": null,
            "source_tags": null,
            "target_service_accounts": null,
            "target_tags": [
              "main-vm",
              "sonar-vm"
            ],
            "timeouts": null
          },
          "sensitive_attributes": [],
          "private": "eyJlMmJmYjczMC1lY2FhLTExZTYtOGY4OC0zNDM2M2JjN2M0YzAiOnsiY3JlYXRlIjoxMjAwMDAwMDAwMDAwLCJkZWxldGUiOjEyMDAwMDAwMDAwMDAsInVwZGF0ZSI6MTIwMDAwMDAwMDAwMH0sInNjaGVtYV92ZXJzaW9uIjoiMSJ9",
          "dependencies": [
            "module.network.google_compute_network.vpc"
          ]
        }
      ]
    },
    {
      "module": "module.network",
      "mode": "managed",
      "type": "google_compute_network",
      "name": "vpc",
      "provider": "provider[\"registry.terraform.io/hashicorp/google\"]",
      "instances": [
        {
          "schema_version": 0,
          "attributes": {
            "auto_create_subnetworks": false,
            "bgp_always_compare_med": false,
            "bgp_best_path_selection_mode": "LEGACY",
            "bgp_inter_region_cost": "",
            "delete_default_routes_on_create": false,
            "description": "",
            "enable_ula_internal_ipv6": false,
            "gateway_ipv4": "",
            "id": "projects/plucky-furnace-450709-a6/global/networks/my-custom-vpc",
            "internal_ipv6_range": "",
            "mtu": 0,
            "name": "my-custom-vpc",
            "network_firewall_policy_enforcement_order": "AFTER_CLASSIC_FIREWALL",
            "network_id": "7606017008464041536",
            "network_profile": "",
            "numeric_id": "7606017008464041536",
            "project": "plucky-furnace-450709-a6",
            "routing_mode": "REGIONAL",
            "self_link": "https://www.googleapis.com/compute/v1/projects/plucky-furnace-450709-a6/global/networks/my-custom-vpc",
            "timeouts": null
          },
          "sensitive_attributes": [],
          "private": "eyJlMmJmYjczMC1lY2FhLTExZTYtOGY4OC0zNDM2M2JjN2M0YzAiOnsiY3JlYXRlIjoxMjAwMDAwMDAwMDAwLCJkZWxldGUiOjEyMDAwMDAwMDAwMDAsInVwZGF0ZSI6MTIwMDAwMDAwMDAwMH19"
        }
      ]
    },
    {
      "module": "module.network",
      "mode": "managed",
      "type": "google_compute_subnetwork",
      "name": "subnet",
      "provider": "provider[\"registry.terraform.io/hashicorp/google\"]",
      "instances": [
        {
          "schema_version": 0,
          "attributes": {
            "creation_timestamp": "2025-02-22T02:36:44.325-08:00",
            "description": "",
            "external_ipv6_prefix": "",
            "fingerprint": null,
            "gateway_address": "10.0.1.1",
            "id": "projects/plucky-furnace-450709-a6/regions/us-central1/subnetworks/my-custom-subnet",
            "internal_ipv6_prefix": "",
            "ip_cidr_range": "10.0.1.0/24",
            "ipv6_access_type": "",
            "ipv6_cidr_range": "",
            "log_config": [],
            "name": "my-custom-subnet",
            "network": "https://www.googleapis.com/compute/v1/projects/plucky-furnace-450709-a6/global/networks/my-custom-vpc",
            "private_ip_google_access": false,
            "private_ipv6_google_access": "DISABLE_GOOGLE_ACCESS",
            "project": "plucky-furnace-450709-a6",
            "purpose": "PRIVATE",
            "region": "us-central1",
            "reserved_internal_range": "",
            "role": "",
            "secondary_ip_range": [],
            "self_link": "https://www.googleapis.com/compute/v1/projects/plucky-furnace-450709-a6/regions/us-central1/subnetworks/my-custom-subnet",
            "send_secondary_ip_range_if_empty": null,
            "stack_type": "IPV4_ONLY",
            "subnetwork_id": 963909776655521363,
            "timeouts": null
          },
          "sensitive_attributes": [],
          "private": "eyJlMmJmYjczMC1lY2FhLTExZTYtOGY4OC0zNDM2M2JjN2M0YzAiOnsiY3JlYXRlIjoxMjAwMDAwMDAwMDAwLCJkZWxldGUiOjEyMDAwMDAwMDAwMDAsInVwZGF0ZSI6MTIwMDAwMDAwMDAwMH19",
          "dependencies": [
            "module.network.google_compute_network.vpc"
          ]
        }
      ]
    }
  ],
  "check_results": null
}
